
Microsoft Visual Studio Solution File, Format Version 12.00
# Visual Studio Version 17
VisualStudioVersion = 17.5.33530.505
MinimumVisualStudioVersion = 10.0.40219.1
Project("{FAE04EC0-301F-11D3-BF4B-00C04F79EFBC}") = "WindowsFormsApp1", "WindowsFormsApp1.csproj", "{6A075FFE-F3EF-4339-966D-D97592D44F4A}"
EndProject
Global
	GlobalSection(SolutionConfigurationPlatforms) = preSolution
		Debug|Any CPU = Debug|Any CPU
		Release|Any CPU = Release|Any CPU
	EndGlobalSection
	GlobalSection(ProjectConfigurationPlatforms) = postSolution
		{6A075FFE-F3EF-4339-966D-D97592D44F4A}.Debug|Any CPU.ActiveCfg = Debug|Any CPU
		{6A075FFE-F3EF-4339-966D-D97592D44F4A}.Debug|Any CPU.Build.0 = Debug|Any CPU
		{6A075FFE-F3EF-4339-966D-D97592D44F4A}.Release|Any CPU.ActiveCfg = Release|Any CPU
		{6A075FFE-F3EF-4339-966D-D97592D44F4A}.Release|Any CPU.Build.0 = Release|Any CPU
	EndGlobalSection
	GlobalSection(SolutionProperties) = preSolution
		HideSolutionNode = FALSE
	EndGlobalSection
	GlobalSection(ExtensibilityGlobals) = postSolution
		SolutionGuid = {BA5A65E3-C3B3-4E50-A081-3280BA93D9D2}
	EndGlobalSection
EndGlobal
